{
  "name": "expiring-cache",
  "version": "2.0.1",
  "lockfileVersion": 1,
  "requires": true,
  "dependencies": {
    "@arcticzeroo/collection": {
      "version": "1.1.0",
      "resolved": "https://registry.npmjs.org/@arcticzeroo/collection/-/collection-1.1.0.tgz",
      "integrity": "sha512-rBtHCfQv6/xGZ46ujsgYNfaGWTnopoBlZhOWgifnuQwkyE6H6YJoZe1wXt0HsjqT6ufwyTzqwDnZmJ+j1dKOpA=="
    },
    "@arcticzeroo/duration": {
      "version": "1.1.0",
      "resolved": "https://registry.npmjs.org/@arcticzeroo/duration/-/duration-1.1.0.tgz",
      "integrity": "sha512-CAceX558TWNNS5E2eAKPi0sSSo93kKn4j2dq539EHEOjwHDEH29Vh5adFI6exCQ9hZ5tBIns6TSnAvcb/oB9mA=="
    },
    "@types/node": {
      "version": "10.12.4",
      "resolved": "https://registry.npmjs.org/@types/node/-/node-10.12.4.tgz",
      "integrity": "sha512-0aFZiYCvoxyKP/Mg6PvqBb2UtWGIPf63r6rOAvRBrgyJOfanbL60yUH2U4FSpg+Yn6FW+JVYWtzn6hLTy745Fg==",
      "dev": true
    },
    "typescript": {
      "version": "3.2.2",
      "resolved": "https://registry.npmjs.org/typescript/-/typescript-3.2.2.tgz",
      "integrity": "sha512-VCj5UiSyHBjwfYacmDuc/NOk4QQixbE+Wn7MFJuS0nRuPQbof132Pw4u53dm264O8LPc2MVsc7RJNml5szurkg==",
      "dev": true
    }
  }
}
