{
  "name": "expiring-cache",
  "version": "1.0.0",
  "lockfileVersion": 1,
  "requires": true,
  "dependencies": {
    "@arcticzeroo/collection": {
      "version": "1.0.2",
      "resolved": "https://registry.npmjs.org/@arcticzeroo/collection/-/collection-1.0.2.tgz",
      "integrity": "sha512-FNpvHnpoBXESDu1U5OJkkeqLkIA1T1vxTPnDWgit2WsiEYMyINIOAATmrEOLTdqDkc7MaAF5cBQC4g3AizNCkQ=="
    },
    "@types/node": {
      "version": "10.12.4",
      "resolved": "https://registry.npmjs.org/@types/node/-/node-10.12.4.tgz",
      "integrity": "sha512-0aFZiYCvoxyKP/Mg6PvqBb2UtWGIPf63r6rOAvRBrgyJOfanbL60yUH2U4FSpg+Yn6FW+JVYWtzn6hLTy745Fg==",
      "dev": true
    }
  }
}
